<?xml version="1.0" encoding="utf-8"?>
<Project ToolsVersion="4.0" xmlns="http://schemas.microsoft.com/developer/msbuild/2003">
  <ItemGroup>
    <Filter Include="Src">
      <UniqueIdentifier>{5ef332d1-bbb1-4da2-ac15-e0a62dccf420}</UniqueIdentifier>
    </Filter>
    <Filter Include="Src\Core">
      <UniqueIdentifier>{30274f5f-bc09-4e0f-98b7-0079e828c823}</UniqueIdentifier>
    </Filter>
    <Filter Include="Src\Camera">
      <UniqueIdentifier>{90efaa3a-8c71-4b04-b443-1ef2fa0a9739}</UniqueIdentifier>
    </Filter>
    <Filter Include="Src\Level">
      <UniqueIdentifier>{373001ab-2adc-4c7e-9312-f2134c3e1614}</UniqueIdentifier>
    </Filter>
    <Filter Include="Assets">
      <UniqueIdentifier>{645bb13f-f8ed-45e6-a4f1-67b74d796957}</UniqueIdentifier>
    </Filter>
    <Filter Include="Assets\backgrounds">
      <UniqueIdentifier>{a0b219e0-2e08-4372-b457-ed238951b04d}</UniqueIdentifier>
    </Filter>
    <Filter Include="Assets\configs">
      <UniqueIdentifier>{cd193a8b-d34b-4859-90e8-904a517b496d}</UniqueIdentifier>
    </Filter>
    <Filter Include="Src\Entities">
      <UniqueIdentifier>{51734e8c-e337-493c-b291-256b76d57db4}</UniqueIdentifier>
    </Filter>
    <Filter Include="Src\World">
      <UniqueIdentifier>{0158bbb0-adf9-46fd-b094-dcea6b065bde}</UniqueIdentifier>
    </Filter>
    <Filter Include="Src\Entidades propiedades">
      <UniqueIdentifier>{a767a2ab-bbf9-4ea8-a25f-d69b711e1b80}</UniqueIdentifier>
    </Filter>
    <Filter Include="Assets\backgrounds\Nivel 2 tramos">
      <UniqueIdentifier>{faa9ad55-2df4-4d7a-a535-94d656798e57}</UniqueIdentifier>
    </Filter>
    <Filter Include="Src\Level\Level 2">
      <UniqueIdentifier>{b486f25d-2f64-4523-ada9-2945974a78a8}</UniqueIdentifier>
    </Filter>
    <Filter Include="Src\Level\Level 1">
      <UniqueIdentifier>{3edd9872-8a17-441d-bcd8-17b82c6c983b}</UniqueIdentifier>
    </Filter>
    <Filter Include="Src\Entities\Level 1 Entities">
      <UniqueIdentifier>{05be69bd-4bc3-426d-acc6-144eeac07b01}</UniqueIdentifier>
    </Filter>
    <Filter Include="Src\Entities\Level 2 Entities">
      <UniqueIdentifier>{5bf7ce49-17ca-483e-80ad-d0dc8b04e742}</UniqueIdentifier>
    </Filter>
  </ItemGroup>
  <ItemGroup>
    <ClCompile Include="..\ContinuousCameraStrategy.cpp">
      <Filter>Src\Camera</Filter>
    </ClCompile>
    <ClCompile Include="main.cpp">
      <Filter>Src\Core</Filter>
    </ClCompile>
    <ClCompile Include="Input.cpp">
      <Filter>Src\Core</Filter>
    </ClCompile>
    <ClCompile Include="VelocidadPorCarril.h">
      <Filter>Src\Entidades propiedades</Filter>
    </ClCompile>
    <ClCompile Include="VelocidadPorCarril.cpp">
      <Filter>Src\Entidades propiedades</Filter>
    </ClCompile>
    <ClCompile Include="GestorEspeciales.cpp">
      <Filter>Src\Entidades propiedades</Filter>
    </ClCompile>
    <ClCompile Include="Level2State.cpp">
      <Filter>Src\Level\Level 2</Filter>
    </ClCompile>
    <ClCompile Include="Level2State.h">
      <Filter>Src\Level\Level 2</Filter>
    </ClCompile>
    <ClCompile Include="Level1State.cpp">
      <Filter>Src\Level\Level 1</Filter>
    </ClCompile>
    <ClCompile Include="jugador.cpp">
      <Filter>Src\Entities\Level 1 Entities</Filter>
    </ClCompile>
    <ClCompile Include="SpecialEnemy.h">
      <Filter>Src\Entities\Level 1 Entities</Filter>
    </ClCompile>
    <ClCompile Include="SpecialEnemy.cpp">
      <Filter>Src\Entities\Level 1 Entities</Filter>
    </ClCompile>
    <ClCompile Include="carro.cpp">
      <Filter>Src\Entities\Level 1 Entities</Filter>
    </ClCompile>
    <ClCompile Include="Policia.cpp">
      <Filter>Src\Entities\Level 2 Entities</Filter>
    </ClCompile>
    <ClCompile Include="Stephen.cpp">
      <Filter>Src\Entities\Level 2 Entities</Filter>
    </ClCompile>
    <ClCompile Include="StaticCameraStrategy.cpp">
      <Filter>Src\Camera</Filter>
    </ClCompile>
  </ItemGroup>
  <ItemGroup>
    <ClInclude Include="..\ICameraBehavior.h">
      <Filter>Src\Camera</Filter>
    </ClInclude>
    <ClInclude Include="..\ContinuousCameraStrategy.h">
      <Filter>Src\Camera</Filter>
    </ClInclude>
    <ClInclude Include="..\StaticCameraStrategy.h">
      <Filter>Src\Camera</Filter>
    </ClInclude>
    <ClInclude Include="..\IGameState.h">
      <Filter>Src\Core</Filter>
    </ClInclude>
    <ClInclude Include="..\BackgroundMap.h">
      <Filter>Src\World</Filter>
    </ClInclude>
    <ClInclude Include="Input.h">
      <Filter>Src\Core</Filter>
    </ClInclude>
    <ClInclude Include="GestorEspeciales.h">
      <Filter>Src\Entidades propiedades</Filter>
    </ClInclude>
    <ClInclude Include="Level1State.h">
      <Filter>Src\Level\Level 1</Filter>
    </ClInclude>
    <ClInclude Include="Jugador.h">
      <Filter>Src\Entities\Level 1 Entities</Filter>
    </ClInclude>
    <ClInclude Include="carro.h">
      <Filter>Src\Entities\Level 1 Entities</Filter>
    </ClInclude>
    <ClInclude Include="Policia.h">
      <Filter>Src\Entities\Level 2 Entities</Filter>
    </ClInclude>
    <ClInclude Include="Entidad.h">
      <Filter>Src\Entities</Filter>
    </ClInclude>
    <ClInclude Include="Stephen.h">
      <Filter>Src\Entities\Level 2 Entities</Filter>
    </ClInclude>
  </ItemGroup>
  <ItemGroup>
    <Text Include="..\Fondo de ciudad Nivel 1.txt">
      <Filter>Assets\backgrounds</Filter>
    </Text>
    <Text Include="..\level1_config.txt">
      <Filter>Assets\configs</Filter>
    </Text>
    <Text Include="camino.txt">
      <Filter>Assets\backgrounds\Nivel 2 tramos</Filter>
    </Text>
  </ItemGroup>
</Project>